
Microsoft Visual Studio Solution File, Format Version 12.00
# Visual Studio Version 17
VisualStudioVersion = 17.0.31903.59
MinimumVisualStudioVersion = 10.0.40219.1
Project("{FAE04EC0-301F-11D3-BF4B-00C04F79EFBC}") = "Grapple.Core", "Grapple.Core\Grapple.Core.csproj", "{72F1222D-7D50-46DD-B80C-8050659C90DA}"
EndProject
Project("{FAE04EC0-301F-11D3-BF4B-00C04F79EFBC}") = "Grapple.Service", "Grapple.Service\Grapple.Service.csproj", "{B3F7FF9A-0D5E-4BA5-82D9-33377528E15E}"
EndProject
Project("{FAE04EC0-301F-11D3-BF4B-00C04F79EFBC}") = "Grapple.Nodes", "Grapple.Nodes\Grapple.Nodes.csproj", "{D6308AE1-D3CE-418F-B90B-5E49A4D7B313}"
EndProject
Project("{FAE04EC0-301F-11D3-BF4B-00C04F79EFBC}") = "Grapple.Tests", "Grapple.Tests\Grapple.Tests.csproj", "{2B788922-CDA1-41C5-9F30-893C8D03B366}"
EndProject
Project("{FAE04EC0-301F-11D3-BF4B-00C04F79EFBC}") = "Grapple.SmokeTests", "Grapple.SmokeTests\Grapple.SmokeTests.csproj", "{0EA2072A-1F40-4AB2-913E-71EEF0210D4E}"
EndProject
Global
	GlobalSection(SolutionConfigurationPlatforms) = preSolution
		Debug|Any CPU = Debug|Any CPU
		Debug|x64 = Debug|x64
		Debug|x86 = Debug|x86
		Release|Any CPU = Release|Any CPU
		Release|x64 = Release|x64
		Release|x86 = Release|x86
	EndGlobalSection
	GlobalSection(ProjectConfigurationPlatforms) = postSolution
		{72F1222D-7D50-46DD-B80C-8050659C90DA}.Debug|Any CPU.ActiveCfg = Debug|Any CPU
		{72F1222D-7D50-46DD-B80C-8050659C90DA}.Debug|Any CPU.Build.0 = Debug|Any CPU
		{72F1222D-7D50-46DD-B80C-8050659C90DA}.Debug|x64.ActiveCfg = Debug|Any CPU
		{72F1222D-7D50-46DD-B80C-8050659C90DA}.Debug|x64.Build.0 = Debug|Any CPU
		{72F1222D-7D50-46DD-B80C-8050659C90DA}.Debug|x86.ActiveCfg = Debug|Any CPU
		{72F1222D-7D50-46DD-B80C-8050659C90DA}.Debug|x86.Build.0 = Debug|Any CPU
		{72F1222D-7D50-46DD-B80C-8050659C90DA}.Release|Any CPU.ActiveCfg = Release|Any CPU
		{72F1222D-7D50-46DD-B80C-8050659C90DA}.Release|Any CPU.Build.0 = Release|Any CPU
		{72F1222D-7D50-46DD-B80C-8050659C90DA}.Release|x64.ActiveCfg = Release|Any CPU
		{72F1222D-7D50-46DD-B80C-8050659C90DA}.Release|x64.Build.0 = Release|Any CPU
		{72F1222D-7D50-46DD-B80C-8050659C90DA}.Release|x86.ActiveCfg = Release|Any CPU
		{72F1222D-7D50-46DD-B80C-8050659C90DA}.Release|x86.Build.0 = Release|Any CPU
		{B3F7FF9A-0D5E-4BA5-82D9-33377528E15E}.Debug|Any CPU.ActiveCfg = Debug|Any CPU
		{B3F7FF9A-0D5E-4BA5-82D9-33377528E15E}.Debug|Any CPU.Build.0 = Debug|Any CPU
		{B3F7FF9A-0D5E-4BA5-82D9-33377528E15E}.Debug|x64.ActiveCfg = Debug|Any CPU
		{B3F7FF9A-0D5E-4BA5-82D9-33377528E15E}.Debug|x64.Build.0 = Debug|Any CPU
		{B3F7FF9A-0D5E-4BA5-82D9-33377528E15E}.Debug|x86.ActiveCfg = Debug|Any CPU
		{B3F7FF9A-0D5E-4BA5-82D9-33377528E15E}.Debug|x86.Build.0 = Debug|Any CPU
		{B3F7FF9A-0D5E-4BA5-82D9-33377528E15E}.Release|Any CPU.ActiveCfg = Release|Any CPU
		{B3F7FF9A-0D5E-4BA5-82D9-33377528E15E}.Release|Any CPU.Build.0 = Release|Any CPU
		{B3F7FF9A-0D5E-4BA5-82D9-33377528E15E}.Release|x64.ActiveCfg = Release|Any CPU
		{B3F7FF9A-0D5E-4BA5-82D9-33377528E15E}.Release|x64.Build.0 = Release|Any CPU
		{B3F7FF9A-0D5E-4BA5-82D9-33377528E15E}.Release|x86.ActiveCfg = Release|Any CPU
		{B3F7FF9A-0D5E-4BA5-82D9-33377528E15E}.Release|x86.Build.0 = Release|Any CPU
		{D6308AE1-D3CE-418F-B90B-5E49A4D7B313}.Debug|Any CPU.ActiveCfg = Debug|Any CPU
		{D6308AE1-D3CE-418F-B90B-5E49A4D7B313}.Debug|Any CPU.Build.0 = Debug|Any CPU
		{D6308AE1-D3CE-418F-B90B-5E49A4D7B313}.Debug|x64.ActiveCfg = Debug|Any CPU
		{D6308AE1-D3CE-418F-B90B-5E49A4D7B313}.Debug|x64.Build.0 = Debug|Any CPU
		{D6308AE1-D3CE-418F-B90B-5E49A4D7B313}.Debug|x86.ActiveCfg = Debug|Any CPU
		{D6308AE1-D3CE-418F-B90B-5E49A4D7B313}.Debug|x86.Build.0 = Debug|Any CPU
		{D6308AE1-D3CE-418F-B90B-5E49A4D7B313}.Release|Any CPU.ActiveCfg = Release|Any CPU
		{D6308AE1-D3CE-418F-B90B-5E49A4D7B313}.Release|Any CPU.Build.0 = Release|Any CPU
		{D6308AE1-D3CE-418F-B90B-5E49A4D7B313}.Release|x64.ActiveCfg = Release|Any CPU
		{D6308AE1-D3CE-418F-B90B-5E49A4D7B313}.Release|x64.Build.0 = Release|Any CPU
		{D6308AE1-D3CE-418F-B90B-5E49A4D7B313}.Release|x86.ActiveCfg = Release|Any CPU
		{D6308AE1-D3CE-418F-B90B-5E49A4D7B313}.Release|x86.Build.0 = Release|Any CPU
		{2B788922-CDA1-41C5-9F30-893C8D03B366}.Debug|Any CPU.ActiveCfg = Debug|Any CPU
		{2B788922-CDA1-41C5-9F30-893C8D03B366}.Debug|Any CPU.Build.0 = Debug|Any CPU
		{2B788922-CDA1-41C5-9F30-893C8D03B366}.Debug|x64.ActiveCfg = Debug|Any CPU
		{2B788922-CDA1-41C5-9F30-893C8D03B366}.Debug|x64.Build.0 = Debug|Any CPU
		{2B788922-CDA1-41C5-9F30-893C8D03B366}.Debug|x86.ActiveCfg = Debug|Any CPU
		{2B788922-CDA1-41C5-9F30-893C8D03B366}.Debug|x86.Build.0 = Debug|Any CPU
		{2B788922-CDA1-41C5-9F30-893C8D03B366}.Release|Any CPU.ActiveCfg = Release|Any CPU
		{2B788922-CDA1-41C5-9F30-893C8D03B366}.Release|Any CPU.Build.0 = Release|Any CPU
		{2B788922-CDA1-41C5-9F30-893C8D03B366}.Release|x64.ActiveCfg = Release|Any CPU
		{2B788922-CDA1-41C5-9F30-893C8D03B366}.Release|x64.Build.0 = Release|Any CPU
		{2B788922-CDA1-41C5-9F30-893C8D03B366}.Release|x86.ActiveCfg = Release|Any CPU
		{2B788922-CDA1-41C5-9F30-893C8D03B366}.Release|x86.Build.0 = Release|Any CPU
		{0EA2072A-1F40-4AB2-913E-71EEF0210D4E}.Debug|Any CPU.ActiveCfg = Debug|Any CPU
		{0EA2072A-1F40-4AB2-913E-71EEF0210D4E}.Debug|Any CPU.Build.0 = Debug|Any CPU
		{0EA2072A-1F40-4AB2-913E-71EEF0210D4E}.Debug|x64.ActiveCfg = Debug|Any CPU
		{0EA2072A-1F40-4AB2-913E-71EEF0210D4E}.Debug|x64.Build.0 = Debug|Any CPU
		{0EA2072A-1F40-4AB2-913E-71EEF0210D4E}.Debug|x86.ActiveCfg = Debug|Any CPU
		{0EA2072A-1F40-4AB2-913E-71EEF0210D4E}.Debug|x86.Build.0 = Debug|Any CPU
		{0EA2072A-1F40-4AB2-913E-71EEF0210D4E}.Release|Any CPU.ActiveCfg = Release|Any CPU
		{0EA2072A-1F40-4AB2-913E-71EEF0210D4E}.Release|Any CPU.Build.0 = Release|Any CPU
		{0EA2072A-1F40-4AB2-913E-71EEF0210D4E}.Release|x64.ActiveCfg = Release|Any CPU
		{0EA2072A-1F40-4AB2-913E-71EEF0210D4E}.Release|x64.Build.0 = Release|Any CPU
		{0EA2072A-1F40-4AB2-913E-71EEF0210D4E}.Release|x86.ActiveCfg = Release|Any CPU
		{0EA2072A-1F40-4AB2-913E-71EEF0210D4E}.Release|x86.Build.0 = Release|Any CPU
	EndGlobalSection
	GlobalSection(SolutionProperties) = preSolution
		HideSolutionNode = FALSE
	EndGlobalSection
EndGlobal
